
Microsoft Visual Studio Solution File, Format Version 12.00
# Visual Studio Version 17
VisualStudioVersion = 17.5.002.0
MinimumVisualStudioVersion = 10.0.40219.1
Project("{9A19103F-16F7-4668-BE54-9A1E7A4F7556}") = "Challenges.Tests", "Challenges.Tests\Challenges.Tests.csproj", "{1E57E003-E25A-4D13-A550-FF9A7E7D0EFC}"
EndProject
Project("{9A19103F-16F7-4668-BE54-9A1E7A4F7556}") = "Challenges", "Challenges\Challenges.csproj", "{5713B306-BBCC-408F-AF3B-978E4FC2A23F}"
EndProject
Global
	GlobalSection(SolutionConfigurationPlatforms) = preSolution
		Debug|Any CPU = Debug|Any CPU
		Release|Any CPU = Release|Any CPU
	EndGlobalSection
	GlobalSection(ProjectConfigurationPlatforms) = postSolution
		{1E57E003-E25A-4D13-A550-FF9A7E7D0EFC}.Debug|Any CPU.ActiveCfg = Debug|Any CPU
		{1E57E003-E25A-4D13-A550-FF9A7E7D0EFC}.Debug|Any CPU.Build.0 = Debug|Any CPU
		{1E57E003-E25A-4D13-A550-FF9A7E7D0EFC}.Release|Any CPU.ActiveCfg = Release|Any CPU
		{1E57E003-E25A-4D13-A550-FF9A7E7D0EFC}.Release|Any CPU.Build.0 = Release|Any CPU
		{5713B306-BBCC-408F-AF3B-978E4FC2A23F}.Debug|Any CPU.ActiveCfg = Debug|Any CPU
		{5713B306-BBCC-408F-AF3B-978E4FC2A23F}.Debug|Any CPU.Build.0 = Debug|Any CPU
		{5713B306-BBCC-408F-AF3B-978E4FC2A23F}.Release|Any CPU.ActiveCfg = Release|Any CPU
		{5713B306-BBCC-408F-AF3B-978E4FC2A23F}.Release|Any CPU.Build.0 = Release|Any CPU
	EndGlobalSection
	GlobalSection(SolutionProperties) = preSolution
		HideSolutionNode = FALSE
	EndGlobalSection
	GlobalSection(ExtensibilityGlobals) = postSolution
		SolutionGuid = {3B653D50-60D2-4177-B3F5-22E9531D5F02}
	EndGlobalSection
EndGlobal
